{
  "name": "patternfly-yew",
  "version": "0.0.1",
  "lockfileVersion": 2,
  "requires": true,
  "packages": {
    "": {
      "name": "patternfly-yew",
      "version": "0.0.1",
      "dependencies": {
        "@patternfly/patternfly": "^4.159.1"
      }
    },
    "node_modules/@patternfly/patternfly": {
      "version": "4.196.7",
      "resolved": "https://registry.npmjs.org/@patternfly/patternfly/-/patternfly-4.196.7.tgz",
      "integrity": "sha512-hA7Oww411e1p0/IXjC1I+4/1NNis9V+NVBxfUIpRwyuLbCIDHBdtMu2qAPLdKxXjuibV9EE6ZdlT7ra/kcFuJQ=="
    }
  },
  "dependencies": {
    "@patternfly/patternfly": {
      "version": "4.196.7",
      "resolved": "https://registry.npmjs.org/@patternfly/patternfly/-/patternfly-4.196.7.tgz",
      "integrity": "sha512-hA7Oww411e1p0/IXjC1I+4/1NNis9V+NVBxfUIpRwyuLbCIDHBdtMu2qAPLdKxXjuibV9EE6ZdlT7ra/kcFuJQ=="
    }
  }
}
